
Microsoft Visual Studio Solution File, Format Version 12.00
# Visual Studio Version 17
VisualStudioVersion = 17.1.32328.378
MinimumVisualStudioVersion = 10.0.40219.1
Project("{FAE04EC0-301F-11D3-BF4B-00C04F79EFBC}") = "Exercicio_Array04", "Exercicio_Array04\Exercicio_Array04.csproj", "{189C73D8-657E-4561-ADFB-B6622AC285CD}"
EndProject
Global
	GlobalSection(SolutionConfigurationPlatforms) = preSolution
		Debug|Any CPU = Debug|Any CPU
		Release|Any CPU = Release|Any CPU
	EndGlobalSection
	GlobalSection(ProjectConfigurationPlatforms) = postSolution
		{189C73D8-657E-4561-ADFB-B6622AC285CD}.Debug|Any CPU.ActiveCfg = Debug|Any CPU
		{189C73D8-657E-4561-ADFB-B6622AC285CD}.Debug|Any CPU.Build.0 = Debug|Any CPU
		{189C73D8-657E-4561-ADFB-B6622AC285CD}.Release|Any CPU.ActiveCfg = Release|Any CPU
		{189C73D8-657E-4561-ADFB-B6622AC285CD}.Release|Any CPU.Build.0 = Release|Any CPU
	EndGlobalSection
	GlobalSection(SolutionProperties) = preSolution
		HideSolutionNode = FALSE
	EndGlobalSection
	GlobalSection(ExtensibilityGlobals) = postSolution
		SolutionGuid = {82B754E0-1E37-4F37-B688-BBBCAB12FF1F}
	EndGlobalSection
EndGlobal
