
Microsoft Visual Studio Solution File, Format Version 12.00
# Visual Studio Version 17
VisualStudioVersion = 17.1.32328.378
MinimumVisualStudioVersion = 10.0.40219.1
Project("{FAE04EC0-301F-11D3-BF4B-00C04F79EFBC}") = "Exercicio009", "Exercicio009\Exercicio009.csproj", "{AAADE066-7446-46F4-AE91-3297FE9584AB}"
EndProject
Global
	GlobalSection(SolutionConfigurationPlatforms) = preSolution
		Debug|Any CPU = Debug|Any CPU
		Release|Any CPU = Release|Any CPU
	EndGlobalSection
	GlobalSection(ProjectConfigurationPlatforms) = postSolution
		{AAADE066-7446-46F4-AE91-3297FE9584AB}.Debug|Any CPU.ActiveCfg = Debug|Any CPU
		{AAADE066-7446-46F4-AE91-3297FE9584AB}.Debug|Any CPU.Build.0 = Debug|Any CPU
		{AAADE066-7446-46F4-AE91-3297FE9584AB}.Release|Any CPU.ActiveCfg = Release|Any CPU
		{AAADE066-7446-46F4-AE91-3297FE9584AB}.Release|Any CPU.Build.0 = Release|Any CPU
	EndGlobalSection
	GlobalSection(SolutionProperties) = preSolution
		HideSolutionNode = FALSE
	EndGlobalSection
	GlobalSection(ExtensibilityGlobals) = postSolution
		SolutionGuid = {EDD34473-4BE7-40B6-8554-E9E6D9FE7386}
	EndGlobalSection
EndGlobal
