
Microsoft Visual Studio Solution File, Format Version 12.00
# Visual Studio Version 17
VisualStudioVersion = 17.1.32328.378
MinimumVisualStudioVersion = 10.0.40219.1
Project("{FAE04EC0-301F-11D3-BF4B-00C04F79EFBC}") = "Exercicio011", "Exercicio011\Exercicio011.csproj", "{054DB1EF-FB3F-41CB-BDCA-AF6623AD87CE}"
EndProject
Global
	GlobalSection(SolutionConfigurationPlatforms) = preSolution
		Debug|Any CPU = Debug|Any CPU
		Release|Any CPU = Release|Any CPU
	EndGlobalSection
	GlobalSection(ProjectConfigurationPlatforms) = postSolution
		{054DB1EF-FB3F-41CB-BDCA-AF6623AD87CE}.Debug|Any CPU.ActiveCfg = Debug|Any CPU
		{054DB1EF-FB3F-41CB-BDCA-AF6623AD87CE}.Debug|Any CPU.Build.0 = Debug|Any CPU
		{054DB1EF-FB3F-41CB-BDCA-AF6623AD87CE}.Release|Any CPU.ActiveCfg = Release|Any CPU
		{054DB1EF-FB3F-41CB-BDCA-AF6623AD87CE}.Release|Any CPU.Build.0 = Release|Any CPU
	EndGlobalSection
	GlobalSection(SolutionProperties) = preSolution
		HideSolutionNode = FALSE
	EndGlobalSection
	GlobalSection(ExtensibilityGlobals) = postSolution
		SolutionGuid = {C3DD6D8A-E17D-419E-B12A-802E70FD86B3}
	EndGlobalSection
EndGlobal
