
Microsoft Visual Studio Solution File, Format Version 12.00
# Visual Studio Version 17
VisualStudioVersion = 17.1.32328.378
MinimumVisualStudioVersion = 10.0.40219.1
Project("{FAE04EC0-301F-11D3-BF4B-00C04F79EFBC}") = "Exercicio012", "Exercicio012\Exercicio012.csproj", "{6963F1CA-5669-4BA7-A357-2136C3B64446}"
EndProject
Global
	GlobalSection(SolutionConfigurationPlatforms) = preSolution
		Debug|Any CPU = Debug|Any CPU
		Release|Any CPU = Release|Any CPU
	EndGlobalSection
	GlobalSection(ProjectConfigurationPlatforms) = postSolution
		{6963F1CA-5669-4BA7-A357-2136C3B64446}.Debug|Any CPU.ActiveCfg = Debug|Any CPU
		{6963F1CA-5669-4BA7-A357-2136C3B64446}.Debug|Any CPU.Build.0 = Debug|Any CPU
		{6963F1CA-5669-4BA7-A357-2136C3B64446}.Release|Any CPU.ActiveCfg = Release|Any CPU
		{6963F1CA-5669-4BA7-A357-2136C3B64446}.Release|Any CPU.Build.0 = Release|Any CPU
	EndGlobalSection
	GlobalSection(SolutionProperties) = preSolution
		HideSolutionNode = FALSE
	EndGlobalSection
	GlobalSection(ExtensibilityGlobals) = postSolution
		SolutionGuid = {F6E1D8D2-CC1E-4480-B76A-600EDFA2F422}
	EndGlobalSection
EndGlobal
