
Microsoft Visual Studio Solution File, Format Version 12.00
# Visual Studio Version 17
VisualStudioVersion = 17.1.32328.378
MinimumVisualStudioVersion = 10.0.40219.1
Project("{FAE04EC0-301F-11D3-BF4B-00C04F79EFBC}") = "Exercicio004", "Exercicio004\Exercicio004.csproj", "{BA4C71E4-3FBC-46F3-8E57-5D4D5E4471DC}"
EndProject
Global
	GlobalSection(SolutionConfigurationPlatforms) = preSolution
		Debug|Any CPU = Debug|Any CPU
		Release|Any CPU = Release|Any CPU
	EndGlobalSection
	GlobalSection(ProjectConfigurationPlatforms) = postSolution
		{BA4C71E4-3FBC-46F3-8E57-5D4D5E4471DC}.Debug|Any CPU.ActiveCfg = Debug|Any CPU
		{BA4C71E4-3FBC-46F3-8E57-5D4D5E4471DC}.Debug|Any CPU.Build.0 = Debug|Any CPU
		{BA4C71E4-3FBC-46F3-8E57-5D4D5E4471DC}.Release|Any CPU.ActiveCfg = Release|Any CPU
		{BA4C71E4-3FBC-46F3-8E57-5D4D5E4471DC}.Release|Any CPU.Build.0 = Release|Any CPU
	EndGlobalSection
	GlobalSection(SolutionProperties) = preSolution
		HideSolutionNode = FALSE
	EndGlobalSection
	GlobalSection(ExtensibilityGlobals) = postSolution
		SolutionGuid = {C0FA3B8B-4F01-4BD2-A16A-5B3F94547602}
	EndGlobalSection
EndGlobal
