
Microsoft Visual Studio Solution File, Format Version 12.00
# Visual Studio Version 17
VisualStudioVersion = 17.1.32328.378
MinimumVisualStudioVersion = 10.0.40219.1
Project("{FAE04EC0-301F-11D3-BF4B-00C04F79EFBC}") = "Exercicio011", "Exercicio011\Exercicio011.csproj", "{D7435992-4B1C-4D39-A3D8-A08123ADBF37}"
EndProject
Global
	GlobalSection(SolutionConfigurationPlatforms) = preSolution
		Debug|Any CPU = Debug|Any CPU
		Release|Any CPU = Release|Any CPU
	EndGlobalSection
	GlobalSection(ProjectConfigurationPlatforms) = postSolution
		{D7435992-4B1C-4D39-A3D8-A08123ADBF37}.Debug|Any CPU.ActiveCfg = Debug|Any CPU
		{D7435992-4B1C-4D39-A3D8-A08123ADBF37}.Debug|Any CPU.Build.0 = Debug|Any CPU
		{D7435992-4B1C-4D39-A3D8-A08123ADBF37}.Release|Any CPU.ActiveCfg = Release|Any CPU
		{D7435992-4B1C-4D39-A3D8-A08123ADBF37}.Release|Any CPU.Build.0 = Release|Any CPU
	EndGlobalSection
	GlobalSection(SolutionProperties) = preSolution
		HideSolutionNode = FALSE
	EndGlobalSection
	GlobalSection(ExtensibilityGlobals) = postSolution
		SolutionGuid = {3AC38731-99D2-474D-9B91-A2A3AA775741}
	EndGlobalSection
EndGlobal
