
Microsoft Visual Studio Solution File, Format Version 12.00
# Visual Studio Version 17
VisualStudioVersion = 17.1.32328.378
MinimumVisualStudioVersion = 10.0.40219.1
Project("{FAE04EC0-301F-11D3-BF4B-00C04F79EFBC}") = "Exercicio007", "Exercicio007\Exercicio007.csproj", "{58975561-3FAA-4DC3-8C91-7D19F13DEE45}"
EndProject
Global
	GlobalSection(SolutionConfigurationPlatforms) = preSolution
		Debug|Any CPU = Debug|Any CPU
		Release|Any CPU = Release|Any CPU
	EndGlobalSection
	GlobalSection(ProjectConfigurationPlatforms) = postSolution
		{58975561-3FAA-4DC3-8C91-7D19F13DEE45}.Debug|Any CPU.ActiveCfg = Debug|Any CPU
		{58975561-3FAA-4DC3-8C91-7D19F13DEE45}.Debug|Any CPU.Build.0 = Debug|Any CPU
		{58975561-3FAA-4DC3-8C91-7D19F13DEE45}.Release|Any CPU.ActiveCfg = Release|Any CPU
		{58975561-3FAA-4DC3-8C91-7D19F13DEE45}.Release|Any CPU.Build.0 = Release|Any CPU
	EndGlobalSection
	GlobalSection(SolutionProperties) = preSolution
		HideSolutionNode = FALSE
	EndGlobalSection
	GlobalSection(ExtensibilityGlobals) = postSolution
		SolutionGuid = {FCCC1A90-D341-4766-90E3-24170B52888F}
	EndGlobalSection
EndGlobal
