
Microsoft Visual Studio Solution File, Format Version 12.00
# Visual Studio Version 17
VisualStudioVersion = 17.1.32328.378
MinimumVisualStudioVersion = 10.0.40219.1
Project("{FAE04EC0-301F-11D3-BF4B-00C04F79EFBC}") = "Exercicio_Array03", "Exercicio_Array03\Exercicio_Array03.csproj", "{A5FD8EC4-B275-4CE0-BC56-667CEADF3FFC}"
EndProject
Global
	GlobalSection(SolutionConfigurationPlatforms) = preSolution
		Debug|Any CPU = Debug|Any CPU
		Release|Any CPU = Release|Any CPU
	EndGlobalSection
	GlobalSection(ProjectConfigurationPlatforms) = postSolution
		{A5FD8EC4-B275-4CE0-BC56-667CEADF3FFC}.Debug|Any CPU.ActiveCfg = Debug|Any CPU
		{A5FD8EC4-B275-4CE0-BC56-667CEADF3FFC}.Debug|Any CPU.Build.0 = Debug|Any CPU
		{A5FD8EC4-B275-4CE0-BC56-667CEADF3FFC}.Release|Any CPU.ActiveCfg = Release|Any CPU
		{A5FD8EC4-B275-4CE0-BC56-667CEADF3FFC}.Release|Any CPU.Build.0 = Release|Any CPU
	EndGlobalSection
	GlobalSection(SolutionProperties) = preSolution
		HideSolutionNode = FALSE
	EndGlobalSection
	GlobalSection(ExtensibilityGlobals) = postSolution
		SolutionGuid = {0F02503D-8E9A-4394-AB21-DAF79C0CA09A}
	EndGlobalSection
EndGlobal
