
Microsoft Visual Studio Solution File, Format Version 12.00
# Visual Studio Version 17
VisualStudioVersion = 17.1.32328.378
MinimumVisualStudioVersion = 10.0.40219.1
Project("{FAE04EC0-301F-11D3-BF4B-00C04F79EFBC}") = "Exercicio004", "Exercicio004\Exercicio004.csproj", "{A855E402-173A-4163-8965-A97141E1D382}"
EndProject
Global
	GlobalSection(SolutionConfigurationPlatforms) = preSolution
		Debug|Any CPU = Debug|Any CPU
		Release|Any CPU = Release|Any CPU
	EndGlobalSection
	GlobalSection(ProjectConfigurationPlatforms) = postSolution
		{A855E402-173A-4163-8965-A97141E1D382}.Debug|Any CPU.ActiveCfg = Debug|Any CPU
		{A855E402-173A-4163-8965-A97141E1D382}.Debug|Any CPU.Build.0 = Debug|Any CPU
		{A855E402-173A-4163-8965-A97141E1D382}.Release|Any CPU.ActiveCfg = Release|Any CPU
		{A855E402-173A-4163-8965-A97141E1D382}.Release|Any CPU.Build.0 = Release|Any CPU
	EndGlobalSection
	GlobalSection(SolutionProperties) = preSolution
		HideSolutionNode = FALSE
	EndGlobalSection
	GlobalSection(ExtensibilityGlobals) = postSolution
		SolutionGuid = {0FB37837-2BE5-49EF-B1E9-79A974989BD3}
	EndGlobalSection
EndGlobal
