
Microsoft Visual Studio Solution File, Format Version 12.00
# Visual Studio Version 17
VisualStudioVersion = 17.1.32328.378
MinimumVisualStudioVersion = 10.0.40219.1
Project("{FAE04EC0-301F-11D3-BF4B-00C04F79EFBC}") = "Exercicio010", "Exercicio010\Exercicio010.csproj", "{B92D20C8-6783-4790-8831-16BACE57940B}"
EndProject
Global
	GlobalSection(SolutionConfigurationPlatforms) = preSolution
		Debug|Any CPU = Debug|Any CPU
		Release|Any CPU = Release|Any CPU
	EndGlobalSection
	GlobalSection(ProjectConfigurationPlatforms) = postSolution
		{B92D20C8-6783-4790-8831-16BACE57940B}.Debug|Any CPU.ActiveCfg = Debug|Any CPU
		{B92D20C8-6783-4790-8831-16BACE57940B}.Debug|Any CPU.Build.0 = Debug|Any CPU
		{B92D20C8-6783-4790-8831-16BACE57940B}.Release|Any CPU.ActiveCfg = Release|Any CPU
		{B92D20C8-6783-4790-8831-16BACE57940B}.Release|Any CPU.Build.0 = Release|Any CPU
	EndGlobalSection
	GlobalSection(SolutionProperties) = preSolution
		HideSolutionNode = FALSE
	EndGlobalSection
	GlobalSection(ExtensibilityGlobals) = postSolution
		SolutionGuid = {95A561B0-7B79-4873-B80A-C780D949883C}
	EndGlobalSection
EndGlobal
