
Microsoft Visual Studio Solution File, Format Version 12.00
# Visual Studio Version 17
VisualStudioVersion = 17.1.32328.378
MinimumVisualStudioVersion = 10.0.40219.1
Project("{FAE04EC0-301F-11D3-BF4B-00C04F79EFBC}") = "Exercicio020", "Exercicio020\Exercicio020.csproj", "{DE517241-8267-4951-ABE0-0B7FCE7AE2E0}"
EndProject
Global
	GlobalSection(SolutionConfigurationPlatforms) = preSolution
		Debug|Any CPU = Debug|Any CPU
		Release|Any CPU = Release|Any CPU
	EndGlobalSection
	GlobalSection(ProjectConfigurationPlatforms) = postSolution
		{DE517241-8267-4951-ABE0-0B7FCE7AE2E0}.Debug|Any CPU.ActiveCfg = Debug|Any CPU
		{DE517241-8267-4951-ABE0-0B7FCE7AE2E0}.Debug|Any CPU.Build.0 = Debug|Any CPU
		{DE517241-8267-4951-ABE0-0B7FCE7AE2E0}.Release|Any CPU.ActiveCfg = Release|Any CPU
		{DE517241-8267-4951-ABE0-0B7FCE7AE2E0}.Release|Any CPU.Build.0 = Release|Any CPU
	EndGlobalSection
	GlobalSection(SolutionProperties) = preSolution
		HideSolutionNode = FALSE
	EndGlobalSection
	GlobalSection(ExtensibilityGlobals) = postSolution
		SolutionGuid = {7AB6720C-4C00-44E0-B078-4A03F295D60D}
	EndGlobalSection
EndGlobal
